
Microsoft Visual Studio Solution File, Format Version 12.00
# Visual Studio Version 17
VisualStudioVersion = 17.11.35222.181
MinimumVisualStudioVersion = 10.0.40219.1
Project("{FAE04EC0-301F-11D3-BF4B-00C04F79EFBC}") = "API_lvl_app", "API_lvl_app.csproj", "{110F4393-AA64-451B-8FAC-5F30C0507AFB}"
EndProject
Global
	GlobalSection(SolutionConfigurationPlatforms) = preSolution
		Debug|Any CPU = Debug|Any CPU
		Release|Any CPU = Release|Any CPU
	EndGlobalSection
	GlobalSection(ProjectConfigurationPlatforms) = postSolution
		{110F4393-AA64-451B-8FAC-5F30C0507AFB}.Debug|Any CPU.ActiveCfg = Debug|Any CPU
		{110F4393-AA64-451B-8FAC-5F30C0507AFB}.Debug|Any CPU.Build.0 = Debug|Any CPU
		{110F4393-AA64-451B-8FAC-5F30C0507AFB}.Release|Any CPU.ActiveCfg = Release|Any CPU
		{110F4393-AA64-451B-8FAC-5F30C0507AFB}.Release|Any CPU.Build.0 = Release|Any CPU
	EndGlobalSection
	GlobalSection(SolutionProperties) = preSolution
		HideSolutionNode = FALSE
	EndGlobalSection
	GlobalSection(ExtensibilityGlobals) = postSolution
		SolutionGuid = {DD66DE31-837F-4191-ACAB-66F4C87B0B94}
	EndGlobalSection
EndGlobal
